# THIS IS AN AUTOGENERATED FILE. DO NOT EDIT THIS FILE DIRECTLY.
# yarn lockfile v1


ahrs@^1.2.2:
  version "1.2.2"
  resolved "https://registry.yarnpkg.com/ahrs/-/ahrs-1.2.2.tgz#a60176cb1cec4b958504996da222eb6e0295f887"
  integrity sha512-bRTuyuorFnYJlLsdlB/qlmYGFvsA/I4Qf7bz1Hx6iEcPIsEBYFIqWARHoJDS39NwCrtK9AiC1GFtwjAbiKKzeQ==

expo-sensors@^8.1.0:
  version "8.1.0"
  resolved "https://registry.yarnpkg.com/expo-sensors/-/expo-sensors-8.1.0.tgz#2b46cb80c7e18a9fab9a6aca4e99c558a93389e1"
  integrity sha512-WLpAOfrYkJiOu+Erhjg20EKcCOaFLfm1JGRz9wiLsXH8ebY13KL2qFSpTVt89eGF66DtV/zwchCqRAjrNGdzTw==
  dependencies:
    invariant "^2.2.4"

invariant@^2.2.4:
  version "2.2.4"
  resolved "https://registry.yarnpkg.com/invariant/-/invariant-2.2.4.tgz#610f3c92c9359ce1db616e538008d23ff35158e6"
  integrity sha512-phJfQVBuaJM5raOpJjSfkiD6BpbCE4Ns//LaXl6wGYtUBY83nWS6Rf9tXm2e8VaK60JEjYldbPif/A2B1C2gNA==
  dependencies:
    loose-envify "^1.0.0"

"js-tokens@^3.0.0 || ^4.0.0":
  version "4.0.0"
  resolved "https://registry.yarnpkg.com/js-tokens/-/js-tokens-4.0.0.tgz#19203fb59991df98e3a287050d4647cdeaf32499"
  integrity sha512-RdJUflcE3cUzKiMqQgsCu06FPu9UdIJO0beYbPhHN4k6apgJtifcoCtT9bcxOpYBtpD2kCM6Sbzg4CausW/PKQ==

kalmanjs@^1.1.0:
  version "1.1.0"
  resolved "https://registry.yarnpkg.com/kalmanjs/-/kalmanjs-1.1.0.tgz#9554566a0a7ca72722d35a23ab05915c0ddba99e"
  integrity sha512-Gkm2DAKIX8geuDcEJ92e80EmQ6TyIzWBJk6AFk+aDLofQ4G/KoDe1RCY9WMuXFe0NQxsTi7HYh9BVQneOtlvkg==

loose-envify@^1.0.0:
  version "1.4.0"
  resolved "https://registry.yarnpkg.com/loose-envify/-/loose-envify-1.4.0.tgz#71ee51fa7be4caec1a63839f7e682d8132d30caf"
  integrity sha512-lyuxPGr/Wfhrlem2CL/UcnUc1zcqKAImBDzukY7Y5F/yQiNdko6+fRLevlw1HgMySw7f611UIY408EtxRSoK3Q==
  dependencies:
    js-tokens "^3.0.0 || ^4.0.0"
